// !$*UTF8*$!
{
	archiveVersion = 1;
	classes = {
	};
	objectVersion = 48;
	objects = {

/* Begin PBXBuildFile section */
		4369F08BC4986F6474EA246F /* Pods_MyMenuUITests.framework in Frameworks */ = {isa = PBXBuildFile; fileRef = 67A5D94CB88BC901ED53D799 /* Pods_MyMenuUITests.framework */; };
		7240D473B5A8648A4DBB3FC5 /* Pods_MyMenu.framework in Frameworks */ = {isa = PBXBuildFile; fileRef = 8AD4A9446A19D9DD48334ECD /* Pods_MyMenu.framework */; };
		9FAC95C37C37F77564D64881 /* Pods_MyMenuTests.framework in Frameworks */ = {isa = PBXBuildFile; fileRef = D4BEF18C3E6CF613C8CE84EE /* Pods_MyMenuTests.framework */; };
		A802CF10204B5A1A00B93EC5 /* ExpandableNames.swift in Sources */ = {isa = PBXBuildFile; fileRef = A802CF0F204B5A1A00B93EC5 /* ExpandableNames.swift */; };
		A8962C1A203D16D2006B57FE /* GoogleService-Info.plist in Resources */ = {isa = PBXBuildFile; fileRef = A8962C19203D16D2006B57FE /* GoogleService-Info.plist */; };
		A8A8BB272034A57C009ACDC9 /* AppDelegate.swift in Sources */ = {isa = PBXBuildFile; fileRef = A8A8BB262034A57C009ACDC9 /* AppDelegate.swift */; };
		A8A8BB2C2034A57C009ACDC9 /* Main.storyboard in Resources */ = {isa = PBXBuildFile; fileRef = A8A8BB2A2034A57C009ACDC9 /* Main.storyboard */; };
		A8A8BB2E2034A57C009ACDC9 /* Assets.xcassets in Resources */ = {isa = PBXBuildFile; fileRef = A8A8BB2D2034A57C009ACDC9 /* Assets.xcassets */; };
		A8A8BB312034A57C009ACDC9 /* LaunchScreen.storyboard in Resources */ = {isa = PBXBuildFile; fileRef = A8A8BB2F2034A57C009ACDC9 /* LaunchScreen.storyboard */; };
		A8A8BB3C2034A57C009ACDC9 /* MyMenuTests.swift in Sources */ = {isa = PBXBuildFile; fileRef = A8A8BB3B2034A57C009ACDC9 /* MyMenuTests.swift */; };
		A8A8BB472034A57C009ACDC9 /* MyMenuUITests.swift in Sources */ = {isa = PBXBuildFile; fileRef = A8A8BB462034A57C009ACDC9 /* MyMenuUITests.swift */; };
		A8ADBBBC2044C94600F3873B /* IngredientsViewController.swift in Sources */ = {isa = PBXBuildFile; fileRef = A8ADBBBB2044C94600F3873B /* IngredientsViewController.swift */; };
/* End PBXBuildFile section */

/* Begin PBXContainerItemProxy section */
		A8A8BB382034A57C009ACDC9 /* PBXContainerItemProxy */ = {
			isa = PBXContainerItemProxy;
			containerPortal = A8A8BB1B2034A57C009ACDC9 /* Project object */;
			proxyType = 1;
			remoteGlobalIDString = A8A8BB222034A57C009ACDC9;
			remoteInfo = MyMenu;
		};
		A8A8BB432034A57C009ACDC9 /* PBXContainerItemProxy */ = {
			isa = PBXContainerItemProxy;
			containerPortal = A8A8BB1B2034A57C009ACDC9 /* Project object */;
			proxyType = 1;
			remoteGlobalIDString = A8A8BB222034A57C009ACDC9;
			remoteInfo = MyMenu;
		};
/* End PBXContainerItemProxy section */

/* Begin PBXFileReference section */
		1DCC9460D354F5065F9DA7BE /* Pods-MyMenu.release.xcconfig */ = {isa = PBXFileReference; includeInIndex = 1; lastKnownFileType = text.xcconfig; name = "Pods-MyMenu.release.xcconfig"; path = "Pods/Target Support Files/Pods-MyMenu/Pods-MyMenu.release.xcconfig"; sourceTree = "<group>"; };
		2A36F48591F03AD2274949F5 /* Pods-MyMenuTests.debug.xcconfig */ = {isa = PBXFileReference; includeInIndex = 1; lastKnownFileType = text.xcconfig; name = "Pods-MyMenuTests.debug.xcconfig"; path = "Pods/Target Support Files/Pods-MyMenuTests/Pods-MyMenuTests.debug.xcconfig"; sourceTree = "<group>"; };
		67A5D94CB88BC901ED53D799 /* Pods_MyMenuUITests.framework */ = {isa = PBXFileReference; explicitFileType = wrapper.framework; includeInIndex = 0; path = Pods_MyMenuUITests.framework; sourceTree = BUILT_PRODUCTS_DIR; };
		71EB32C883D21D21BA424085 /* Pods-MyMenuUITests.debug.xcconfig */ = {isa = PBXFileReference; includeInIndex = 1; lastKnownFileType = text.xcconfig; name = "Pods-MyMenuUITests.debug.xcconfig"; path = "Pods/Target Support Files/Pods-MyMenuUITests/Pods-MyMenuUITests.debug.xcconfig"; sourceTree = "<group>"; };
		8AD4A9446A19D9DD48334ECD /* Pods_MyMenu.framework */ = {isa = PBXFileReference; explicitFileType = wrapper.framework; includeInIndex = 0; path = Pods_MyMenu.framework; sourceTree = BUILT_PRODUCTS_DIR; };
		A802CF0F204B5A1A00B93EC5 /* ExpandableNames.swift */ = {isa = PBXFileReference; lastKnownFileType = sourcecode.swift; path = ExpandableNames.swift; sourceTree = "<group>"; };
		A8962C19203D16D2006B57FE /* GoogleService-Info.plist */ = {isa = PBXFileReference; fileEncoding = 4; lastKnownFileType = text.plist.xml; path = "GoogleService-Info.plist"; sourceTree = "<group>"; };
		A8A8BB232034A57C009ACDC9 /* MyMenu.app */ = {isa = PBXFileReference; explicitFileType = wrapper.application; includeInIndex = 0; path = MyMenu.app; sourceTree = BUILT_PRODUCTS_DIR; };
		A8A8BB262034A57C009ACDC9 /* AppDelegate.swift */ = {isa = PBXFileReference; lastKnownFileType = sourcecode.swift; path = AppDelegate.swift; sourceTree = "<group>"; };
		A8A8BB2B2034A57C009ACDC9 /* Base */ = {isa = PBXFileReference; lastKnownFileType = file.storyboard; name = Base; path = Base.lproj/Main.storyboard; sourceTree = "<group>"; };
		A8A8BB2D2034A57C009ACDC9 /* Assets.xcassets */ = {isa = PBXFileReference; lastKnownFileType = folder.assetcatalog; path = Assets.xcassets; sourceTree = "<group>"; };
		A8A8BB302034A57C009ACDC9 /* Base */ = {isa = PBXFileReference; lastKnownFileType = file.storyboard; name = Base; path = Base.lproj/LaunchScreen.storyboard; sourceTree = "<group>"; };
		A8A8BB322034A57C009ACDC9 /* Info.plist */ = {isa = PBXFileReference; lastKnownFileType = text.plist.xml; path = Info.plist; sourceTree = "<group>"; };
		A8A8BB372034A57C009ACDC9 /* MyMenuTests.xctest */ = {isa = PBXFileReference; explicitFileType = wrapper.cfbundle; includeInIndex = 0; path = MyMenuTests.xctest; sourceTree = BUILT_PRODUCTS_DIR; };
		A8A8BB3B2034A57C009ACDC9 /* MyMenuTests.swift */ = {isa = PBXFileReference; lastKnownFileType = sourcecode.swift; path = MyMenuTests.swift; sourceTree = "<group>"; };
		A8A8BB3D2034A57C009ACDC9 /* Info.plist */ = {isa = PBXFileReference; lastKnownFileType = text.plist.xml; path = Info.plist; sourceTree = "<group>"; };
		A8A8BB422034A57C009ACDC9 /* MyMenuUITests.xctest */ = {isa = PBXFileReference; explicitFileType = wrapper.cfbundle; includeInIndex = 0; path = MyMenuUITests.xctest; sourceTree = BUILT_PRODUCTS_DIR; };
		A8A8BB462034A57C009ACDC9 /* MyMenuUITests.swift */ = {isa = PBXFileReference; lastKnownFileType = sourcecode.swift; path = MyMenuUITests.swift; sourceTree = "<group>"; };
		A8A8BB482034A57C009ACDC9 /* Info.plist */ = {isa = PBXFileReference; lastKnownFileType = text.plist.xml; path = Info.plist; sourceTree = "<group>"; };
		A8ADBBBB2044C94600F3873B /* IngredientsViewController.swift */ = {isa = PBXFileReference; lastKnownFileType = sourcecode.swift; path = IngredientsViewController.swift; sourceTree = "<group>"; };
		AF7C570FF968731200EA374C /* Pods-MyMenuTests.release.xcconfig */ = {isa = PBXFileReference; includeInIndex = 1; lastKnownFileType = text.xcconfig; name = "Pods-MyMenuTests.release.xcconfig"; path = "Pods/Target Support Files/Pods-MyMenuTests/Pods-MyMenuTests.release.xcconfig"; sourceTree = "<group>"; };
		B08FE270AC5BBAA5088DCC17 /* Pods-MyMenuUITests.release.xcconfig */ = {isa = PBXFileReference; includeInIndex = 1; lastKnownFileType = text.xcconfig; name = "Pods-MyMenuUITests.release.xcconfig"; path = "Pods/Target Support Files/Pods-MyMenuUITests/Pods-MyMenuUITests.release.xcconfig"; sourceTree = "<group>"; };
		D4BEF18C3E6CF613C8CE84EE /* Pods_MyMenuTests.framework */ = {isa = PBXFileReference; explicitFileType = wrapper.framework; includeInIndex = 0; path = Pods_MyMenuTests.framework; sourceTree = BUILT_PRODUCTS_DIR; };
		F9A2C75A3A76B313A6B577E9 /* Pods-MyMenu.debug.xcconfig */ = {isa = PBXFileReference; includeInIndex = 1; lastKnownFileType = text.xcconfig; name = "Pods-MyMenu.debug.xcconfig"; path = "Pods/Target Support Files/Pods-MyMenu/Pods-MyMenu.debug.xcconfig"; sourceTree = "<group>"; };
/* End PBXFileReference section */

/* Begin PBXFrameworksBuildPhase section */
		A8A8BB202034A57C009ACDC9 /* Frameworks */ = {
			isa = PBXFrameworksBuildPhase;
			buildActionMask = 2147483647;
			files = (
				7240D473B5A8648A4DBB3FC5 /* Pods_MyMenu.framework in Frameworks */,
			);
			runOnlyForDeploymentPostprocessing = 0;
		};
		A8A8BB342034A57C009ACDC9 /* Frameworks */ = {
			isa = PBXFrameworksBuildPhase;
			buildActionMask = 2147483647;
			files = (
				9FAC95C37C37F77564D64881 /* Pods_MyMenuTests.framework in Frameworks */,
			);
			runOnlyForDeploymentPostprocessing = 0;
		};
		A8A8BB3F2034A57C009ACDC9 /* Frameworks */ = {
			isa = PBXFrameworksBuildPhase;
			buildActionMask = 2147483647;
			files = (
				4369F08BC4986F6474EA246F /* Pods_MyMenuUITests.framework in Frameworks */,
			);
			runOnlyForDeploymentPostprocessing = 0;
		};
/* End PBXFrameworksBuildPhase section */

/* Begin PBXGroup section */
		324ABCC2476B0D2767C84417 /* Pods */ = {
			isa = PBXGroup;
			children = (
				F9A2C75A3A76B313A6B577E9 /* Pods-MyMenu.debug.xcconfig */,
				1DCC9460D354F5065F9DA7BE /* Pods-MyMenu.release.xcconfig */,
				2A36F48591F03AD2274949F5 /* Pods-MyMenuTests.debug.xcconfig */,
				AF7C570FF968731200EA374C /* Pods-MyMenuTests.release.xcconfig */,
				71EB32C883D21D21BA424085 /* Pods-MyMenuUITests.debug.xcconfig */,
				B08FE270AC5BBAA5088DCC17 /* Pods-MyMenuUITests.release.xcconfig */,
			);
			name = Pods;
			sourceTree = "<group>";
		};
		A802CF11204B648C00B93EC5 /* Structs */ = {
			isa = PBXGroup;
			children = (
				A802CF0F204B5A1A00B93EC5 /* ExpandableNames.swift */,
			);
			path = Structs;
			sourceTree = "<group>";
		};
		A89E61CD2048BF0F004AD15E /* XPlore */ = {
			isa = PBXGroup;
			children = (
			);
			path = XPlore;
			sourceTree = "<group>";
		};
		A8A8BB1A2034A57C009ACDC9 = {
			isa = PBXGroup;
			children = (
				A8A8BB252034A57C009ACDC9 /* MyMenu */,
				A8A8BB3A2034A57C009ACDC9 /* MyMenuTests */,
				A8A8BB452034A57C009ACDC9 /* MyMenuUITests */,
				A8A8BB242034A57C009ACDC9 /* Products */,
				324ABCC2476B0D2767C84417 /* Pods */,
				DD0AB02F98E82EF50BD5172E /* Frameworks */,
			);
			sourceTree = "<group>";
		};
		A8A8BB242034A57C009ACDC9 /* Products */ = {
			isa = PBXGroup;
			children = (
				A8A8BB232034A57C009ACDC9 /* MyMenu.app */,
				A8A8BB372034A57C009ACDC9 /* MyMenuTests.xctest */,
				A8A8BB422034A57C009ACDC9 /* MyMenuUITests.xctest */,
			);
			name = Products;
			sourceTree = "<group>";
		};
		A8A8BB252034A57C009ACDC9 /* MyMenu */ = {
			isa = PBXGroup;
			children = (
				A8A8BB262034A57C009ACDC9 /* AppDelegate.swift */,
				A8A8BB2A2034A57C009ACDC9 /* Main.storyboard */,
				A8A8BB2D2034A57C009ACDC9 /* Assets.xcassets */,
				A8A8BB2F2034A57C009ACDC9 /* LaunchScreen.storyboard */,
				A8A8BB322034A57C009ACDC9 /* Info.plist */,
				A8962C19203D16D2006B57FE /* GoogleService-Info.plist */,
				A802CF11204B648C00B93EC5 /* Structs */,
				A89E61CD2048BF0F004AD15E /* XPlore */,
				A8ADBBBA2044C8A500F3873B /* Ingredients */,
			);
			path = MyMenu;
			sourceTree = "<group>";
		};
		A8A8BB3A2034A57C009ACDC9 /* MyMenuTests */ = {
			isa = PBXGroup;
			children = (
				A8A8BB3B2034A57C009ACDC9 /* MyMenuTests.swift */,
				A8A8BB3D2034A57C009ACDC9 /* Info.plist */,
			);
			path = MyMenuTests;
			sourceTree = "<group>";
		};
		A8A8BB452034A57C009ACDC9 /* MyMenuUITests */ = {
			isa = PBXGroup;
			children = (
				A8A8BB462034A57C009ACDC9 /* MyMenuUITests.swift */,
				A8A8BB482034A57C009ACDC9 /* Info.plist */,
			);
			path = MyMenuUITests;
			sourceTree = "<group>";
		};
		A8ADBBBA2044C8A500F3873B /* Ingredients */ = {
			isa = PBXGroup;
			children = (
				A8ADBBBB2044C94600F3873B /* IngredientsViewController.swift */,
			);
			path = Ingredients;
			sourceTree = "<group>";
		};
		DD0AB02F98E82EF50BD5172E /* Frameworks */ = {
			isa = PBXGroup;
			children = (
				8AD4A9446A19D9DD48334ECD /* Pods_MyMenu.framework */,
				D4BEF18C3E6CF613C8CE84EE /* Pods_MyMenuTests.framework */,
				67A5D94CB88BC901ED53D799 /* Pods_MyMenuUITests.framework */,
			);
			name = Frameworks;
			sourceTree = "<group>";
		};
/* End PBXGroup section */

/* Begin PBXNativeTarget section */
		A8A8BB222034A57C009ACDC9 /* MyMenu */ = {
			isa = PBXNativeTarget;
			buildConfigurationList = A8A8BB4B2034A57C009ACDC9 /* Build configuration list for PBXNativeTarget "MyMenu" */;
			buildPhases = (
				76C8891370865F9C50E6AD50 /* [CP] Check Pods Manifest.lock */,
				A8A8BB1F2034A57C009ACDC9 /* Sources */,
				A8A8BB202034A57C009ACDC9 /* Frameworks */,
				A8A8BB212034A57C009ACDC9 /* Resources */,
				9052F32F066DD456D62E17B7 /* [CP] Embed Pods Frameworks */,
				B9C6B6213B50EB97C3894878 /* [CP] Copy Pods Resources */,
			);
			buildRules = (
			);
			dependencies = (
			);
			name = MyMenu;
			productName = MyMenu;
			productReference = A8A8BB232034A57C009ACDC9 /* MyMenu.app */;
			productType = "com.apple.product-type.application";
		};
		A8A8BB362034A57C009ACDC9 /* MyMenuTests */ = {
			isa = PBXNativeTarget;
			buildConfigurationList = A8A8BB4E2034A57C009ACDC9 /* Build configuration list for PBXNativeTarget "MyMenuTests" */;
			buildPhases = (
				0C24741C569A24674BAA66D7 /* [CP] Check Pods Manifest.lock */,
				A8A8BB332034A57C009ACDC9 /* Sources */,
				A8A8BB342034A57C009ACDC9 /* Frameworks */,
				A8A8BB352034A57C009ACDC9 /* Resources */,
				DD7D603C02AACADE93958D32 /* [CP] Embed Pods Frameworks */,
				1D8092AFDE99D0C92017D738 /* [CP] Copy Pods Resources */,
			);
			buildRules = (
			);
			dependencies = (
				A8A8BB392034A57C009ACDC9 /* PBXTargetDependency */,
			);
			name = MyMenuTests;
			productName = MyMenuTests;
			productReference = A8A8BB372034A57C009ACDC9 /* MyMenuTests.xctest */;
			productType = "com.apple.product-type.bundle.unit-test";
		};
		A8A8BB412034A57C009ACDC9 /* MyMenuUITests */ = {
			isa = PBXNativeTarget;
			buildConfigurationList = A8A8BB512034A57C009ACDC9 /* Build configuration list for PBXNativeTarget "MyMenuUITests" */;
			buildPhases = (
				1116BAF67D82DBB09F912B5C /* [CP] Check Pods Manifest.lock */,
				A8A8BB3E2034A57C009ACDC9 /* Sources */,
				A8A8BB3F2034A57C009ACDC9 /* Frameworks */,
				A8A8BB402034A57C009ACDC9 /* Resources */,
				EB7435EB512F086E30014381 /* [CP] Embed Pods Frameworks */,
				C5FC4CEBE6A58E92B09DD086 /* [CP] Copy Pods Resources */,
			);
			buildRules = (
			);
			dependencies = (
				A8A8BB442034A57C009ACDC9 /* PBXTargetDependency */,
			);
			name = MyMenuUITests;
			productName = MyMenuUITests;
			productReference = A8A8BB422034A57C009ACDC9 /* MyMenuUITests.xctest */;
			productType = "com.apple.product-type.bundle.ui-testing";
		};
/* End PBXNativeTarget section */

/* Begin PBXProject section */
		A8A8BB1B2034A57C009ACDC9 /* Project object */ = {
			isa = PBXProject;
			attributes = {
				LastSwiftUpdateCheck = 0910;
				LastUpgradeCheck = 0910;
				ORGANIZATIONNAME = "Sebastian Connelly (student LM)";
				TargetAttributes = {
					A8A8BB222034A57C009ACDC9 = {
						CreatedOnToolsVersion = 9.1;
						ProvisioningStyle = Automatic;
					};
					A8A8BB362034A57C009ACDC9 = {
						CreatedOnToolsVersion = 9.1;
						ProvisioningStyle = Automatic;
						TestTargetID = A8A8BB222034A57C009ACDC9;
					};
					A8A8BB412034A57C009ACDC9 = {
						CreatedOnToolsVersion = 9.1;
						ProvisioningStyle = Automatic;
						TestTargetID = A8A8BB222034A57C009ACDC9;
					};
				};
			};
			buildConfigurationList = A8A8BB1E2034A57C009ACDC9 /* Build configuration list for PBXProject "MyMenu" */;
			compatibilityVersion = "Xcode 8.0";
			developmentRegion = en;
			hasScannedForEncodings = 0;
			knownRegions = (
				en,
				Base,
			);
			mainGroup = A8A8BB1A2034A57C009ACDC9;
			productRefGroup = A8A8BB242034A57C009ACDC9 /* Products */;
			projectDirPath = "";
			projectRoot = "";
			targets = (
				A8A8BB222034A57C009ACDC9 /* MyMenu */,
				A8A8BB362034A57C009ACDC9 /* MyMenuTests */,
				A8A8BB412034A57C009ACDC9 /* MyMenuUITests */,
			);
		};
/* End PBXProject section */

/* Begin PBXResourcesBuildPhase section */
		A8A8BB212034A57C009ACDC9 /* Resources */ = {
			isa = PBXResourcesBuildPhase;
			buildActionMask = 2147483647;
			files = (
				A8A8BB312034A57C009ACDC9 /* LaunchScreen.storyboard in Resources */,
				A8962C1A203D16D2006B57FE /* GoogleService-Info.plist in Resources */,
				A8A8BB2E2034A57C009ACDC9 /* Assets.xcassets in Resources */,
				A8A8BB2C2034A57C009ACDC9 /* Main.storyboard in Resources */,
			);
			runOnlyForDeploymentPostprocessing = 0;
		};
		A8A8BB352034A57C009ACDC9 /* Resources */ = {
			isa = PBXResourcesBuildPhase;
			buildActionMask = 2147483647;
			files = (
			);
			runOnlyForDeploymentPostprocessing = 0;
		};
		A8A8BB402034A57C009ACDC9 /* Resources */ = {
			isa = PBXResourcesBuildPhase;
			buildActionMask = 2147483647;
			files = (
			);
			runOnlyForDeploymentPostprocessing = 0;
		};
/* End PBXResourcesBuildPhase section */

/* Begin PBXShellScriptBuildPhase section */
		0C24741C569A24674BAA66D7 /* [CP] Check Pods Manifest.lock */ = {
			isa = PBXShellScriptBuildPhase;
			buildActionMask = 2147483647;
			files = (
			);
			inputPaths = (
				"${PODS_PODFILE_DIR_PATH}/Podfile.lock",
				"${PODS_ROOT}/Manifest.lock",
			);
			name = "[CP] Check Pods Manifest.lock";
			outputPaths = (
				"$(DERIVED_FILE_DIR)/Pods-MyMenuTests-checkManifestLockResult.txt",
			);
			runOnlyForDeploymentPostprocessing = 0;
			shellPath = /bin/sh;
			shellScript = "diff \"${PODS_PODFILE_DIR_PATH}/Podfile.lock\" \"${PODS_ROOT}/Manifest.lock\" > /dev/null\nif [ $? != 0 ] ; then\n    # print error to STDERR\n    echo \"error: The sandbox is not in sync with the Podfile.lock. Run 'pod install' or update your CocoaPods installation.\" >&2\n    exit 1\nfi\n# This output is used by Xcode 'outputs' to avoid re-running this script phase.\necho \"SUCCESS\" > \"${SCRIPT_OUTPUT_FILE_0}\"\n";
			showEnvVarsInLog = 0;
		};
		1116BAF67D82DBB09F912B5C /* [CP] Check Pods Manifest.lock */ = {
			isa = PBXShellScriptBuildPhase;
			buildActionMask = 2147483647;
			files = (
			);
			inputPaths = (
				"${PODS_PODFILE_DIR_PATH}/Podfile.lock",
				"${PODS_ROOT}/Manifest.lock",
			);
			name = "[CP] Check Pods Manifest.lock";
			outputPaths = (
				"$(DERIVED_FILE_DIR)/Pods-MyMenuUITests-checkManifestLockResult.txt",
			);
			runOnlyForDeploymentPostprocessing = 0;
			shellPath = /bin/sh;
			shellScript = "diff \"${PODS_PODFILE_DIR_PATH}/Podfile.lock\" \"${PODS_ROOT}/Manifest.lock\" > /dev/null\nif [ $? != 0 ] ; then\n    # print error to STDERR\n    echo \"error: The sandbox is not in sync with the Podfile.lock. Run 'pod install' or update your CocoaPods installation.\" >&2\n    exit 1\nfi\n# This output is used by Xcode 'outputs' to avoid re-running this script phase.\necho \"SUCCESS\" > \"${SCRIPT_OUTPUT_FILE_0}\"\n";
			showEnvVarsInLog = 0;
		};
		1D8092AFDE99D0C92017D738 /* [CP] Copy Pods Resources */ = {
			isa = PBXShellScriptBuildPhase;
			buildActionMask = 2147483647;
			files = (
			);
			inputPaths = (
			);
			name = "[CP] Copy Pods Resources";
			outputPaths = (
			);
			runOnlyForDeploymentPostprocessing = 0;
			shellPath = /bin/sh;
			shellScript = "\"${SRCROOT}/Pods/Target Support Files/Pods-MyMenuTests/Pods-MyMenuTests-resources.sh\"\n";
			showEnvVarsInLog = 0;
		};
		76C8891370865F9C50E6AD50 /* [CP] Check Pods Manifest.lock */ = {
			isa = PBXShellScriptBuildPhase;
			buildActionMask = 2147483647;
			files = (
			);
			inputPaths = (
				"${PODS_PODFILE_DIR_PATH}/Podfile.lock",
				"${PODS_ROOT}/Manifest.lock",
			);
			name = "[CP] Check Pods Manifest.lock";
			outputPaths = (
				"$(DERIVED_FILE_DIR)/Pods-MyMenu-checkManifestLockResult.txt",
			);
			runOnlyForDeploymentPostprocessing = 0;
			shellPath = /bin/sh;
			shellScript = "diff \"${PODS_PODFILE_DIR_PATH}/Podfile.lock\" \"${PODS_ROOT}/Manifest.lock\" > /dev/null\nif [ $? != 0 ] ; then\n    # print error to STDERR\n    echo \"error: The sandbox is not in sync with the Podfile.lock. Run 'pod install' or update your CocoaPods installation.\" >&2\n    exit 1\nfi\n# This output is used by Xcode 'outputs' to avoid re-running this script phase.\necho \"SUCCESS\" > \"${SCRIPT_OUTPUT_FILE_0}\"\n";
			showEnvVarsInLog = 0;
		};
		9052F32F066DD456D62E17B7 /* [CP] Embed Pods Frameworks */ = {
			isa = PBXShellScriptBuildPhase;
			buildActionMask = 2147483647;
			files = (
			);
			inputPaths = (
				"${SRCROOT}/Pods/Target Support Files/Pods-MyMenu/Pods-MyMenu-frameworks.sh",
				"${BUILT_PRODUCTS_DIR}/GTMSessionFetcher/GTMSessionFetcher.framework",
				"${BUILT_PRODUCTS_DIR}/GoogleToolboxForMac/GoogleToolboxForMac.framework",
				"${BUILT_PRODUCTS_DIR}/leveldb-library/leveldb.framework",
				"${BUILT_PRODUCTS_DIR}/nanopb/nanopb.framework",
			);
			name = "[CP] Embed Pods Frameworks";
			outputPaths = (
				"${TARGET_BUILD_DIR}/${FRAMEWORKS_FOLDER_PATH}/GTMSessionFetcher.framework",
				"${TARGET_BUILD_DIR}/${FRAMEWORKS_FOLDER_PATH}/GoogleToolboxForMac.framework",
				"${TARGET_BUILD_DIR}/${FRAMEWORKS_FOLDER_PATH}/leveldb.framework",
				"${TARGET_BUILD_DIR}/${FRAMEWORKS_FOLDER_PATH}/nanopb.framework",
			);
			runOnlyForDeploymentPostprocessing = 0;
			shellPath = /bin/sh;
			shellScript = "\"${SRCROOT}/Pods/Target Support Files/Pods-MyMenu/Pods-MyMenu-frameworks.sh\"\n";
			showEnvVarsInLog = 0;
		};
		B9C6B6213B50EB97C3894878 /* [CP] Copy Pods Resources */ = {
			isa = PBXShellScriptBuildPhase;
			buildActionMask = 2147483647;
			files = (
			);
			inputPaths = (
			);
			name = "[CP] Copy Pods Resources";
			outputPaths = (
			);
			runOnlyForDeploymentPostprocessing = 0;
			shellPath = /bin/sh;
			shellScript = "\"${SRCROOT}/Pods/Target Support Files/Pods-MyMenu/Pods-MyMenu-resources.sh\"\n";
			showEnvVarsInLog = 0;
		};
		C5FC4CEBE6A58E92B09DD086 /* [CP] Copy Pods Resources */ = {
			isa = PBXShellScriptBuildPhase;
			buildActionMask = 2147483647;
			files = (
			);
			inputPaths = (
			);
			name = "[CP] Copy Pods Resources";
			outputPaths = (
			);
			runOnlyForDeploymentPostprocessing = 0;
			shellPath = /bin/sh;
			shellScript = "\"${SRCROOT}/Pods/Target Support Files/Pods-MyMenuUITests/Pods-MyMenuUITests-resources.sh\"\n";
			showEnvVarsInLog = 0;
		};
		DD7D603C02AACADE93958D32 /* [CP] Embed Pods Frameworks */ = {
			isa = PBXShellScriptBuildPhase;
			buildActionMask = 2147483647;
			files = (
			);
			inputPaths = (
				"${SRCROOT}/Pods/Target Support Files/Pods-MyMenuTests/Pods-MyMenuTests-frameworks.sh",
				"${BUILT_PRODUCTS_DIR}/GTMSessionFetcher/GTMSessionFetcher.framework",
				"${BUILT_PRODUCTS_DIR}/GoogleToolboxForMac/GoogleToolboxForMac.framework",
				"${BUILT_PRODUCTS_DIR}/leveldb-library/leveldb.framework",
				"${BUILT_PRODUCTS_DIR}/nanopb/nanopb.framework",
			);
			name = "[CP] Embed Pods Frameworks";
			outputPaths = (
				"${TARGET_BUILD_DIR}/${FRAMEWORKS_FOLDER_PATH}/GTMSessionFetcher.framework",
				"${TARGET_BUILD_DIR}/${FRAMEWORKS_FOLDER_PATH}/GoogleToolboxForMac.framework",
				"${TARGET_BUILD_DIR}/${FRAMEWORKS_FOLDER_PATH}/leveldb.framework",
				"${TARGET_BUILD_DIR}/${FRAMEWORKS_FOLDER_PATH}/nanopb.framework",
			);
			runOnlyForDeploymentPostprocessing = 0;
			shellPath = /bin/sh;
			shellScript = "\"${SRCROOT}/Pods/Target Support Files/Pods-MyMenuTests/Pods-MyMenuTests-frameworks.sh\"\n";
			showEnvVarsInLog = 0;
		};
		EB7435EB512F086E30014381 /* [CP] Embed Pods Frameworks */ = {
			isa = PBXShellScriptBuildPhase;
			buildActionMask = 2147483647;
			files = (
			);
			inputPaths = (
			);
			name = "[CP] Embed Pods Frameworks";
			outputPaths = (
			);
			runOnlyForDeploymentPostprocessing = 0;
			shellPath = /bin/sh;
			shellScript = "\"${SRCROOT}/Pods/Target Support Files/Pods-MyMenuUITests/Pods-MyMenuUITests-frameworks.sh\"\n";
			showEnvVarsInLog = 0;
		};
/* End PBXShellScriptBuildPhase section */

/* Begin PBXSourcesBuildPhase section */
		A8A8BB1F2034A57C009ACDC9 /* Sources */ = {
			isa = PBXSourcesBuildPhase;
			buildActionMask = 2147483647;
			files = (
				A802CF10204B5A1A00B93EC5 /* ExpandableNames.swift in Sources */,
				A8A8BB272034A57C009ACDC9 /* AppDelegate.swift in Sources */,
				A8ADBBBC2044C94600F3873B /* IngredientsViewController.swift in Sources */,
			);
			runOnlyForDeploymentPostprocessing = 0;
		};
		A8A8BB332034A57C009ACDC9 /* Sources */ = {
			isa = PBXSourcesBuildPhase;
			buildActionMask = 2147483647;
			files = (
				A8A8BB3C2034A57C009ACDC9 /* MyMenuTests.swift in Sources */,
			);
			runOnlyForDeploymentPostprocessing = 0;
		};
		A8A8BB3E2034A57C009ACDC9 /* Sources */ = {
			isa = PBXSourcesBuildPhase;
			buildActionMask = 2147483647;
			files = (
				A8A8BB472034A57C009ACDC9 /* MyMenuUITests.swift in Sources */,
			);
			runOnlyForDeploymentPostprocessing = 0;
		};
/* End PBXSourcesBuildPhase section */

/* Begin PBXTargetDependency section */
		A8A8BB392034A57C009ACDC9 /* PBXTargetDependency */ = {
			isa = PBXTargetDependency;
			target = A8A8BB222034A57C009ACDC9 /* MyMenu */;
			targetProxy = A8A8BB382034A57C009ACDC9 /* PBXContainerItemProxy */;
		};
		A8A8BB442034A57C009ACDC9 /* PBXTargetDependency */ = {
			isa = PBXTargetDependency;
			target = A8A8BB222034A57C009ACDC9 /* MyMenu */;
			targetProxy = A8A8BB432034A57C009ACDC9 /* PBXContainerItemProxy */;
		};
/* End PBXTargetDependency section */

/* Begin PBXVariantGroup section */
		A8A8BB2A2034A57C009ACDC9 /* Main.storyboard */ = {
			isa = PBXVariantGroup;
			children = (
				A8A8BB2B2034A57C009ACDC9 /* Base */,
			);
			name = Main.storyboard;
			sourceTree = "<group>";
		};
		A8A8BB2F2034A57C009ACDC9 /* LaunchScreen.storyboard */ = {
			isa = PBXVariantGroup;
			children = (
				A8A8BB302034A57C009ACDC9 /* Base */,
			);
			name = LaunchScreen.storyboard;
			sourceTree = "<group>";
		};
/* End PBXVariantGroup section */

/* Begin XCBuildConfiguration section */
		A8A8BB492034A57C009ACDC9 /* Debug */ = {
			isa = XCBuildConfiguration;
			buildSettings = {
				ALWAYS_SEARCH_USER_PATHS = NO;
				CLANG_ANALYZER_NONNULL = YES;
				CLANG_ANALYZER_NUMBER_OBJECT_CONVERSION = YES_AGGRESSIVE;
				CLANG_CXX_LANGUAGE_STANDARD = "gnu++14";
				CLANG_CXX_LIBRARY = "libc++";
				CLANG_ENABLE_MODULES = YES;
				CLANG_ENABLE_OBJC_ARC = YES;
				CLANG_WARN_BLOCK_CAPTURE_AUTORELEASING = YES;
				CLANG_WARN_BOOL_CONVERSION = YES;
				CLANG_WARN_COMMA = YES;
				CLANG_WARN_CONSTANT_CONVERSION = YES;
				CLANG_WARN_DIRECT_OBJC_ISA_USAGE = YES_ERROR;
				CLANG_WARN_DOCUMENTATION_COMMENTS = YES;
				CLANG_WARN_EMPTY_BODY = YES;
				CLANG_WARN_ENUM_CONVERSION = YES;
				CLANG_WARN_INFINITE_RECURSION = YES;
				CLANG_WARN_INT_CONVERSION = YES;
				CLANG_WARN_NON_LITERAL_NULL_CONVERSION = YES;
				CLANG_WARN_OBJC_LITERAL_CONVERSION = YES;
				CLANG_WARN_OBJC_ROOT_CLASS = YES_ERROR;
				CLANG_WARN_RANGE_LOOP_ANALYSIS = YES;
				CLANG_WARN_STRICT_PROTOTYPES = YES;
				CLANG_WARN_SUSPICIOUS_MOVE = YES;
				CLANG_WARN_UNGUARDED_AVAILABILITY = YES_AGGRESSIVE;
				CLANG_WARN_UNREACHABLE_CODE = YES;
				CLANG_WARN__DUPLICATE_METHOD_MATCH = YES;
				CODE_SIGN_IDENTITY = "iPhone Developer";
				COPY_PHASE_STRIP = NO;
				DEBUG_INFORMATION_FORMAT = dwarf;
				ENABLE_STRICT_OBJC_MSGSEND = YES;
				ENABLE_TESTABILITY = YES;
				GCC_C_LANGUAGE_STANDARD = gnu11;
				GCC_DYNAMIC_NO_PIC = NO;
				GCC_NO_COMMON_BLOCKS = YES;
				GCC_OPTIMIZATION_LEVEL = 0;
				GCC_PREPROCESSOR_DEFINITIONS = (
					"DEBUG=1",
					"$(inherited)",
				);
				GCC_WARN_64_TO_32_BIT_CONVERSION = YES;
				GCC_WARN_ABOUT_RETURN_TYPE = YES_ERROR;
				GCC_WARN_UNDECLARED_SELECTOR = YES;
				GCC_WARN_UNINITIALIZED_AUTOS = YES_AGGRESSIVE;
				GCC_WARN_UNUSED_FUNCTION = YES;
				GCC_WARN_UNUSED_VARIABLE = YES;
				IPHONEOS_DEPLOYMENT_TARGET = 11.1;
				MTL_ENABLE_DEBUG_INFO = YES;
				ONLY_ACTIVE_ARCH = YES;
				SDKROOT = iphoneos;
				SWIFT_ACTIVE_COMPILATION_CONDITIONS = DEBUG;
				SWIFT_OPTIMIZATION_LEVEL = "-Onone";
			};
			name = Debug;
		};
		A8A8BB4A2034A57C009ACDC9 /* Release */ = {
			isa = XCBuildConfiguration;
			buildSettings = {
				ALWAYS_SEARCH_USER_PATHS = NO;
				CLANG_ANALYZER_NONNULL = YES;
				CLANG_ANALYZER_NUMBER_OBJECT_CONVERSION = YES_AGGRESSIVE;
				CLANG_CXX_LANGUAGE_STANDARD = "gnu++14";
				CLANG_CXX_LIBRARY = "libc++";
				CLANG_ENABLE_MODULES = YES;
				CLANG_ENABLE_OBJC_ARC = YES;
				CLANG_WARN_BLOCK_CAPTURE_AUTORELEASING = YES;
				CLANG_WARN_BOOL_CONVERSION = YES;
				CLANG_WARN_COMMA = YES;
				CLANG_WARN_CONSTANT_CONVERSION = YES;
				CLANG_WARN_DIRECT_OBJC_ISA_USAGE = YES_ERROR;
				CLANG_WARN_DOCUMENTATION_COMMENTS = YES;
				CLANG_WARN_EMPTY_BODY = YES;
				CLANG_WARN_ENUM_CONVERSION = YES;
				CLANG_WARN_INFINITE_RECURSION = YES;
				CLANG_WARN_INT_CONVERSION = YES;
				CLANG_WARN_NON_LITERAL_NULL_CONVERSION = YES;
				CLANG_WARN_OBJC_LITERAL_CONVERSION = YES;
				CLANG_WARN_OBJC_ROOT_CLASS = YES_ERROR;
				CLANG_WARN_RANGE_LOOP_ANALYSIS = YES;
				CLANG_WARN_STRICT_PROTOTYPES = YES;
				CLANG_WARN_SUSPICIOUS_MOVE = YES;
				CLANG_WARN_UNGUARDED_AVAILABILITY = YES_AGGRESSIVE;
				CLANG_WARN_UNREACHABLE_CODE = YES;
				CLANG_WARN__DUPLICATE_METHOD_MATCH = YES;
				CODE_SIGN_IDENTITY = "iPhone Developer";
				COPY_PHASE_STRIP = NO;
				DEBUG_INFORMATION_FORMAT = "dwarf-with-dsym";
				ENABLE_NS_ASSERTIONS = NO;
				ENABLE_STRICT_OBJC_MSGSEND = YES;
				GCC_C_LANGUAGE_STANDARD = gnu11;
				GCC_NO_COMMON_BLOCKS = YES;
				GCC_WARN_64_TO_32_BIT_CONVERSION = YES;
				GCC_WARN_ABOUT_RETURN_TYPE = YES_ERROR;
				GCC_WARN_UNDECLARED_SELECTOR = YES;
				GCC_WARN_UNINITIALIZED_AUTOS = YES_AGGRESSIVE;
				GCC_WARN_UNUSED_FUNCTION = YES;
				GCC_WARN_UNUSED_VARIABLE = YES;
				IPHONEOS_DEPLOYMENT_TARGET = 11.1;
				MTL_ENABLE_DEBUG_INFO = NO;
				SDKROOT = iphoneos;
				SWIFT_OPTIMIZATION_LEVEL = "-Owholemodule";
				VALIDATE_PRODUCT = YES;
			};
			name = Release;
		};
		A8A8BB4C2034A57C009ACDC9 /* Debug */ = {
			isa = XCBuildConfiguration;
			baseConfigurationReference = F9A2C75A3A76B313A6B577E9 /* Pods-MyMenu.debug.xcconfig */;
			buildSettings = {
				ASSETCATALOG_COMPILER_APPICON_NAME = AppIcon;
				CODE_SIGN_STYLE = Automatic;
				DEVELOPMENT_TEAM = 93LK62MZ6V;
				INFOPLIST_FILE = MyMenu/Info.plist;
				LD_RUNPATH_SEARCH_PATHS = "$(inherited) @executable_path/Frameworks";
				PRODUCT_BUNDLE_IDENTIFIER = "New-Wave.MyMenu";
				PRODUCT_NAME = "$(TARGET_NAME)";
				SWIFT_VERSION = 4.0;
				TARGETED_DEVICE_FAMILY = "1,2";
			};
			name = Debug;
		};
		A8A8BB4D2034A57C009ACDC9 /* Release */ = {
			isa = XCBuildConfiguration;
			baseConfigurationReference = 1DCC9460D354F5065F9DA7BE /* Pods-MyMenu.release.xcconfig */;
			buildSettings = {
				ASSETCATALOG_COMPILER_APPICON_NAME = AppIcon;
				CODE_SIGN_STYLE = Automatic;
				DEVELOPMENT_TEAM = 93LK62MZ6V;
				INFOPLIST_FILE = MyMenu/Info.plist;
				LD_RUNPATH_SEARCH_PATHS = "$(inherited) @executable_path/Frameworks";
				PRODUCT_BUNDLE_IDENTIFIER = "New-Wave.MyMenu";
				PRODUCT_NAME = "$(TARGET_NAME)";
				SWIFT_VERSION = 4.0;
				TARGETED_DEVICE_FAMILY = "1,2";
			};
			name = Release;
		};
		A8A8BB4F2034A57C009ACDC9 /* Debug */ = {
			isa = XCBuildConfiguration;
			baseConfigurationReference = 2A36F48591F03AD2274949F5 /* Pods-MyMenuTests.debug.xcconfig */;
			buildSettings = {
				ALWAYS_EMBED_SWIFT_STANDARD_LIBRARIES = YES;
				BUNDLE_LOADER = "$(TEST_HOST)";
				CODE_SIGN_STYLE = Automatic;
				INFOPLIST_FILE = MyMenuTests/Info.plist;
				LD_RUNPATH_SEARCH_PATHS = "$(inherited) @executable_path/Frameworks @loader_path/Frameworks";
				PRODUCT_BUNDLE_IDENTIFIER = "New-Wave.MyMenuTests";
				PRODUCT_NAME = "$(TARGET_NAME)";
				SWIFT_VERSION = 4.0;
				TARGETED_DEVICE_FAMILY = "1,2";
				TEST_HOST = "$(BUILT_PRODUCTS_DIR)/MyMenu.app/MyMenu";
			};
			name = Debug;
		};
		A8A8BB502034A57C009ACDC9 /* Release */ = {
			isa = XCBuildConfiguration;
			baseConfigurationReference = AF7C570FF968731200EA374C /* Pods-MyMenuTests.release.xcconfig */;
			buildSettings = {
				ALWAYS_EMBED_SWIFT_STANDARD_LIBRARIES = YES;
				BUNDLE_LOADER = "$(TEST_HOST)";
				CODE_SIGN_STYLE = Automatic;
				INFOPLIST_FILE = MyMenuTests/Info.plist;
				LD_RUNPATH_SEARCH_PATHS = "$(inherited) @executable_path/Frameworks @loader_path/Frameworks";
				PRODUCT_BUNDLE_IDENTIFIER = "New-Wave.MyMenuTests";
				PRODUCT_NAME = "$(TARGET_NAME)";
				SWIFT_VERSION = 4.0;
				TARGETED_DEVICE_FAMILY = "1,2";
				TEST_HOST = "$(BUILT_PRODUCTS_DIR)/MyMenu.app/MyMenu";
			};
			name = Release;
		};
		A8A8BB522034A57C009ACDC9 /* Debug */ = {
			isa = XCBuildConfiguration;
			baseConfigurationReference = 71EB32C883D21D21BA424085 /* Pods-MyMenuUITests.debug.xcconfig */;
			buildSettings = {
				ALWAYS_EMBED_SWIFT_STANDARD_LIBRARIES = YES;
				CODE_SIGN_STYLE = Automatic;
				INFOPLIST_FILE = MyMenuUITests/Info.plist;
				LD_RUNPATH_SEARCH_PATHS = "$(inherited) @executable_path/Frameworks @loader_path/Frameworks";
				PRODUCT_BUNDLE_IDENTIFIER = "New-Wave.MyMenuUITests";
				PRODUCT_NAME = "$(TARGET_NAME)";
				SWIFT_VERSION = 4.0;
				TARGETED_DEVICE_FAMILY = "1,2";
				TEST_TARGET_NAME = MyMenu;
			};
			name = Debug;
		};
		A8A8BB532034A57C009ACDC9 /* Release */ = {
			isa = XCBuildConfiguration;
			baseConfigurationReference = B08FE270AC5BBAA5088DCC17 /* Pods-MyMenuUITests.release.xcconfig */;
			buildSettings = {
				ALWAYS_EMBED_SWIFT_STANDARD_LIBRARIES = YES;
				CODE_SIGN_STYLE = Automatic;
				INFOPLIST_FILE = MyMenuUITests/Info.plist;
				LD_RUNPATH_SEARCH_PATHS = "$(inherited) @executable_path/Frameworks @loader_path/Frameworks";
				PRODUCT_BUNDLE_IDENTIFIER = "New-Wave.MyMenuUITests";
				PRODUCT_NAME = "$(TARGET_NAME)";
				SWIFT_VERSION = 4.0;
				TARGETED_DEVICE_FAMILY = "1,2";
				TEST_TARGET_NAME = MyMenu;
			};
			name = Release;
		};
/* End XCBuildConfiguration section */

/* Begin XCConfigurationList section */
		A8A8BB1E2034A57C009ACDC9 /* Build configuration list for PBXProject "MyMenu" */ = {
			isa = XCConfigurationList;
			buildConfigurations = (
				A8A8BB492034A57C009ACDC9 /* Debug */,
				A8A8BB4A2034A57C009ACDC9 /* Release */,
			);
			defaultConfigurationIsVisible = 0;
			defaultConfigurationName = Release;
		};
		A8A8BB4B2034A57C009ACDC9 /* Build configuration list for PBXNativeTarget "MyMenu" */ = {
			isa = XCConfigurationList;
			buildConfigurations = (
				A8A8BB4C2034A57C009ACDC9 /* Debug */,
				A8A8BB4D2034A57C009ACDC9 /* Release */,
			);
			defaultConfigurationIsVisible = 0;
			defaultConfigurationName = Release;
		};
		A8A8BB4E2034A57C009ACDC9 /* Build configuration list for PBXNativeTarget "MyMenuTests" */ = {
			isa = XCConfigurationList;
			buildConfigurations = (
				A8A8BB4F2034A57C009ACDC9 /* Debug */,
				A8A8BB502034A57C009ACDC9 /* Release */,
			);
			defaultConfigurationIsVisible = 0;
			defaultConfigurationName = Release;
		};
		A8A8BB512034A57C009ACDC9 /* Build configuration list for PBXNativeTarget "MyMenuUITests" */ = {
			isa = XCConfigurationList;
			buildConfigurations = (
				A8A8BB522034A57C009ACDC9 /* Debug */,
				A8A8BB532034A57C009ACDC9 /* Release */,
			);
			defaultConfigurationIsVisible = 0;
			defaultConfigurationName = Release;
		};
/* End XCConfigurationList section */
	};
	rootObject = A8A8BB1B2034A57C009ACDC9 /* Project object */;
}
